
Microsoft Visual Studio Solution File, Format Version 12.00
# Visual Studio Version 17
VisualStudioVersion = 17.1.32210.238
MinimumVisualStudioVersion = 10.0.40219.1
Project("{FAE04EC0-301F-11D3-BF4B-00C04F79EFBC}") = "BlazorApp.Server", "src\BlazorApp\Server\BlazorApp.Server.csproj", "{5304BC49-0124-4BE0-B3C8-1EDA2A3CA0C2}"
EndProject
Project("{FAE04EC0-301F-11D3-BF4B-00C04F79EFBC}") = "BlazorApp.Client", "src\BlazorApp\Client\BlazorApp.Client.csproj", "{181B1732-2FDE-4B45-BCD6-1D4538E3A99C}"
EndProject
Project("{FAE04EC0-301F-11D3-BF4B-00C04F79EFBC}") = "BlazorApp.Shared", "src\BlazorApp\Shared\BlazorApp.Shared.csproj", "{C0023ADA-EC92-4963-A0A7-3609D5BCD69B}"
EndProject
Project("{9A19103F-16F7-4668-BE54-9A1E7A4F7556}") = "Cayent.Core", "src\cayent-core\src\Cayent.Core\Cayent.Core.csproj", "{739264A5-B465-453A-B1E4-31A58B493739}"
EndProject
Project("{9A19103F-16F7-4668-BE54-9A1E7A4F7556}") = "App", "src\App\App.csproj", "{1D857365-E73B-4377-9535-AF3EABD97876}"
EndProject
Project("{9A19103F-16F7-4668-BE54-9A1E7A4F7556}") = "Data", "src\Data\Data.csproj", "{829C1122-AA2E-4543-B8C4-A95AF31AC812}"
EndProject
Project("{9A19103F-16F7-4668-BE54-9A1E7A4F7556}") = "ViewModel", "src\ViewModel\ViewModel.csproj", "{25896995-73D0-4B23-A6AB-C558EBD879F3}"
EndProject
Global
	GlobalSection(SolutionConfigurationPlatforms) = preSolution
		Debug|Any CPU = Debug|Any CPU
		Release|Any CPU = Release|Any CPU
	EndGlobalSection
	GlobalSection(ProjectConfigurationPlatforms) = postSolution
		{5304BC49-0124-4BE0-B3C8-1EDA2A3CA0C2}.Debug|Any CPU.ActiveCfg = Debug|Any CPU
		{5304BC49-0124-4BE0-B3C8-1EDA2A3CA0C2}.Debug|Any CPU.Build.0 = Debug|Any CPU
		{5304BC49-0124-4BE0-B3C8-1EDA2A3CA0C2}.Release|Any CPU.ActiveCfg = Release|Any CPU
		{5304BC49-0124-4BE0-B3C8-1EDA2A3CA0C2}.Release|Any CPU.Build.0 = Release|Any CPU
		{181B1732-2FDE-4B45-BCD6-1D4538E3A99C}.Debug|Any CPU.ActiveCfg = Debug|Any CPU
		{181B1732-2FDE-4B45-BCD6-1D4538E3A99C}.Debug|Any CPU.Build.0 = Debug|Any CPU
		{181B1732-2FDE-4B45-BCD6-1D4538E3A99C}.Release|Any CPU.ActiveCfg = Release|Any CPU
		{181B1732-2FDE-4B45-BCD6-1D4538E3A99C}.Release|Any CPU.Build.0 = Release|Any CPU
		{C0023ADA-EC92-4963-A0A7-3609D5BCD69B}.Debug|Any CPU.ActiveCfg = Debug|Any CPU
		{C0023ADA-EC92-4963-A0A7-3609D5BCD69B}.Debug|Any CPU.Build.0 = Debug|Any CPU
		{C0023ADA-EC92-4963-A0A7-3609D5BCD69B}.Release|Any CPU.ActiveCfg = Release|Any CPU
		{C0023ADA-EC92-4963-A0A7-3609D5BCD69B}.Release|Any CPU.Build.0 = Release|Any CPU
		{739264A5-B465-453A-B1E4-31A58B493739}.Debug|Any CPU.ActiveCfg = Debug|Any CPU
		{739264A5-B465-453A-B1E4-31A58B493739}.Debug|Any CPU.Build.0 = Debug|Any CPU
		{739264A5-B465-453A-B1E4-31A58B493739}.Release|Any CPU.ActiveCfg = Release|Any CPU
		{739264A5-B465-453A-B1E4-31A58B493739}.Release|Any CPU.Build.0 = Release|Any CPU
		{1D857365-E73B-4377-9535-AF3EABD97876}.Debug|Any CPU.ActiveCfg = Debug|Any CPU
		{1D857365-E73B-4377-9535-AF3EABD97876}.Debug|Any CPU.Build.0 = Debug|Any CPU
		{1D857365-E73B-4377-9535-AF3EABD97876}.Release|Any CPU.ActiveCfg = Release|Any CPU
		{1D857365-E73B-4377-9535-AF3EABD97876}.Release|Any CPU.Build.0 = Release|Any CPU
		{829C1122-AA2E-4543-B8C4-A95AF31AC812}.Debug|Any CPU.ActiveCfg = Debug|Any CPU
		{829C1122-AA2E-4543-B8C4-A95AF31AC812}.Debug|Any CPU.Build.0 = Debug|Any CPU
		{829C1122-AA2E-4543-B8C4-A95AF31AC812}.Release|Any CPU.ActiveCfg = Release|Any CPU
		{829C1122-AA2E-4543-B8C4-A95AF31AC812}.Release|Any CPU.Build.0 = Release|Any CPU
		{25896995-73D0-4B23-A6AB-C558EBD879F3}.Debug|Any CPU.ActiveCfg = Debug|Any CPU
		{25896995-73D0-4B23-A6AB-C558EBD879F3}.Debug|Any CPU.Build.0 = Debug|Any CPU
		{25896995-73D0-4B23-A6AB-C558EBD879F3}.Release|Any CPU.ActiveCfg = Release|Any CPU
		{25896995-73D0-4B23-A6AB-C558EBD879F3}.Release|Any CPU.Build.0 = Release|Any CPU
	EndGlobalSection
	GlobalSection(SolutionProperties) = preSolution
		HideSolutionNode = FALSE
	EndGlobalSection
	GlobalSection(ExtensibilityGlobals) = postSolution
		SolutionGuid = {8F30AEEC-5322-453B-906A-4FF83D4BA817}
	EndGlobalSection
EndGlobal
