
Microsoft Visual Studio Solution File, Format Version 12.00
# Visual Studio Version 17
VisualStudioVersion = 17.1.32210.238
MinimumVisualStudioVersion = 10.0.40219.1
Project("{FAE04EC0-301F-11D3-BF4B-00C04F79EFBC}") = "BlazorApp.Server", "src\BlazorApp\Server\BlazorApp.Server.csproj", "{5304BC49-0124-4BE0-B3C8-1EDA2A3CA0C2}"
EndProject
Project("{FAE04EC0-301F-11D3-BF4B-00C04F79EFBC}") = "BlazorApp.Client", "src\BlazorApp\Client\BlazorApp.Client.csproj", "{181B1732-2FDE-4B45-BCD6-1D4538E3A99C}"
EndProject
Project("{FAE04EC0-301F-11D3-BF4B-00C04F79EFBC}") = "BlazorApp.Shared", "src\BlazorApp\Shared\BlazorApp.Shared.csproj", "{C0023ADA-EC92-4963-A0A7-3609D5BCD69B}"
EndProject
Project("{FAE04EC0-301F-11D3-BF4B-00C04F79EFBC}") = "App", "src\App\App.csproj", "{3DCE0C7F-1A4B-4B63-BD3F-F08A1BC4471A}"
EndProject
Project("{FAE04EC0-301F-11D3-BF4B-00C04F79EFBC}") = "Data", "src\Data\Data.csproj", "{92A0C159-C2FF-43B2-97C2-3ED989C606C8}"
EndProject
Global
	GlobalSection(SolutionConfigurationPlatforms) = preSolution
		Debug|Any CPU = Debug|Any CPU
		Release|Any CPU = Release|Any CPU
	EndGlobalSection
	GlobalSection(ProjectConfigurationPlatforms) = postSolution
		{5304BC49-0124-4BE0-B3C8-1EDA2A3CA0C2}.Debug|Any CPU.ActiveCfg = Debug|Any CPU
		{5304BC49-0124-4BE0-B3C8-1EDA2A3CA0C2}.Debug|Any CPU.Build.0 = Debug|Any CPU
		{5304BC49-0124-4BE0-B3C8-1EDA2A3CA0C2}.Release|Any CPU.ActiveCfg = Release|Any CPU
		{5304BC49-0124-4BE0-B3C8-1EDA2A3CA0C2}.Release|Any CPU.Build.0 = Release|Any CPU
		{181B1732-2FDE-4B45-BCD6-1D4538E3A99C}.Debug|Any CPU.ActiveCfg = Debug|Any CPU
		{181B1732-2FDE-4B45-BCD6-1D4538E3A99C}.Debug|Any CPU.Build.0 = Debug|Any CPU
		{181B1732-2FDE-4B45-BCD6-1D4538E3A99C}.Release|Any CPU.ActiveCfg = Release|Any CPU
		{181B1732-2FDE-4B45-BCD6-1D4538E3A99C}.Release|Any CPU.Build.0 = Release|Any CPU
		{C0023ADA-EC92-4963-A0A7-3609D5BCD69B}.Debug|Any CPU.ActiveCfg = Debug|Any CPU
		{C0023ADA-EC92-4963-A0A7-3609D5BCD69B}.Debug|Any CPU.Build.0 = Debug|Any CPU
		{C0023ADA-EC92-4963-A0A7-3609D5BCD69B}.Release|Any CPU.ActiveCfg = Release|Any CPU
		{C0023ADA-EC92-4963-A0A7-3609D5BCD69B}.Release|Any CPU.Build.0 = Release|Any CPU
		{3DCE0C7F-1A4B-4B63-BD3F-F08A1BC4471A}.Debug|Any CPU.ActiveCfg = Debug|Any CPU
		{3DCE0C7F-1A4B-4B63-BD3F-F08A1BC4471A}.Debug|Any CPU.Build.0 = Debug|Any CPU
		{3DCE0C7F-1A4B-4B63-BD3F-F08A1BC4471A}.Release|Any CPU.ActiveCfg = Release|Any CPU
		{3DCE0C7F-1A4B-4B63-BD3F-F08A1BC4471A}.Release|Any CPU.Build.0 = Release|Any CPU
		{92A0C159-C2FF-43B2-97C2-3ED989C606C8}.Debug|Any CPU.ActiveCfg = Debug|Any CPU
		{92A0C159-C2FF-43B2-97C2-3ED989C606C8}.Debug|Any CPU.Build.0 = Debug|Any CPU
		{92A0C159-C2FF-43B2-97C2-3ED989C606C8}.Release|Any CPU.ActiveCfg = Release|Any CPU
		{92A0C159-C2FF-43B2-97C2-3ED989C606C8}.Release|Any CPU.Build.0 = Release|Any CPU
	EndGlobalSection
	GlobalSection(SolutionProperties) = preSolution
		HideSolutionNode = FALSE
	EndGlobalSection
	GlobalSection(ExtensibilityGlobals) = postSolution
		SolutionGuid = {8F30AEEC-5322-453B-906A-4FF83D4BA817}
	EndGlobalSection
EndGlobal
